{
  "name": "fusionauth-mcp-api",
  "version": "0.1.0",
  "lockfileVersion": 3,
  "requires": true,
  "packages": {
    "": {
      "name": "fusionauth-mcp-api",
      "version": "0.1.0",
      "license": "Apache-2.0",
      "workspaces": [
        "packages/mcp-api",
        "packages/openapi-mcp-generator"
      ]
    },
    "node_modules/mcp-api": {
      "resolved": "packages/mcp-api",
      "link": true
    },
    "node_modules/openapi-mcp-generator": {
      "resolved": "packages/openapi-mcp-generator",
      "link": true
    },
    "packages/mcp-api": {
      "version": "0.1.0",
      "license": "Apache-2.0"
    },
    "packages/openapi-mcp-generator": {
      "version": "0.1.0",
      "license": "ISC",
      "devDependencies": {}
    }
  }
}
